// !$*UTF8*$!
{
	archiveVersion = 1;
	classes = {
	};
	objectVersion = 51;
	objects = {

/* Begin PBXBuildFile section */
		7DB8858F26155C5E0059549D /* HpSQLite.swift in Sources */ = {isa = PBXBuildFile; fileRef = 7DB8858E26155C5E0059549D /* HpSQLite.swift */; };
		7DDEFB6C25AAB889005FFAF9 /* AppDelegate.swift in Sources */ = {isa = PBXBuildFile; fileRef = 7DDEFB6B25AAB889005FFAF9 /* AppDelegate.swift */; };
		7DDEFB7025AAB889005FFAF9 /* ViewController.swift in Sources */ = {isa = PBXBuildFile; fileRef = 7DDEFB6F25AAB889005FFAF9 /* ViewController.swift */; };
		7DDEFB7525AAB88B005FFAF9 /* Assets.xcassets in Resources */ = {isa = PBXBuildFile; fileRef = 7DDEFB7425AAB88B005FFAF9 /* Assets.xcassets */; };
		7DDEFB7825AAB88B005FFAF9 /* LaunchScreen.storyboard in Resources */ = {isa = PBXBuildFile; fileRef = 7DDEFB7625AAB88B005FFAF9 /* LaunchScreen.storyboard */; };
		7DDEFB8325AAB88B005FFAF9 /* HpSqliteTests.swift in Sources */ = {isa = PBXBuildFile; fileRef = 7DDEFB8225AAB88B005FFAF9 /* HpSqliteTests.swift */; };
		7DDEFB8E25AAB88B005FFAF9 /* HpSqliteUITests.swift in Sources */ = {isa = PBXBuildFile; fileRef = 7DDEFB8D25AAB88B005FFAF9 /* HpSqliteUITests.swift */; };
		7DDEFBAE25AABD0B005FFAF9 /* HpSqManager.swift in Sources */ = {isa = PBXBuildFile; fileRef = 7DDEFBAD25AABD0B005FFAF9 /* HpSqManager.swift */; };
		7DDEFBB425AABF34005FFAF9 /* HpUserInfo.swift in Sources */ = {isa = PBXBuildFile; fileRef = 7DDEFBB325AABF34005FFAF9 /* HpUserInfo.swift */; };
		7DDEFBBC25AAD086005FFAF9 /* HpJsonString.swift in Sources */ = {isa = PBXBuildFile; fileRef = 7DDEFBBB25AAD086005FFAF9 /* HpJsonString.swift */; };
		C9393E95966682A10E009599 /* Pods_HpSqlite.framework in Frameworks */ = {isa = PBXBuildFile; fileRef = 038E629E5BAB1DBB4B63C0FF /* Pods_HpSqlite.framework */; };
/* End PBXBuildFile section */

/* Begin PBXContainerItemProxy section */
		7DDEFB7F25AAB88B005FFAF9 /* PBXContainerItemProxy */ = {
			isa = PBXContainerItemProxy;
			containerPortal = 7DDEFB6025AAB889005FFAF9 /* Project object */;
			proxyType = 1;
			remoteGlobalIDString = 7DDEFB6725AAB889005FFAF9;
			remoteInfo = HpSqlite;
		};
		7DDEFB8A25AAB88B005FFAF9 /* PBXContainerItemProxy */ = {
			isa = PBXContainerItemProxy;
			containerPortal = 7DDEFB6025AAB889005FFAF9 /* Project object */;
			proxyType = 1;
			remoteGlobalIDString = 7DDEFB6725AAB889005FFAF9;
			remoteInfo = HpSqlite;
		};
/* End PBXContainerItemProxy section */

/* Begin PBXFileReference section */
		038E629E5BAB1DBB4B63C0FF /* Pods_HpSqlite.framework */ = {isa = PBXFileReference; explicitFileType = wrapper.framework; includeInIndex = 0; path = Pods_HpSqlite.framework; sourceTree = BUILT_PRODUCTS_DIR; };
		1E535C730021B56E734519C5 /* Pods-HpSqlite.debug.xcconfig */ = {isa = PBXFileReference; includeInIndex = 1; lastKnownFileType = text.xcconfig; name = "Pods-HpSqlite.debug.xcconfig"; path = "Target Support Files/Pods-HpSqlite/Pods-HpSqlite.debug.xcconfig"; sourceTree = "<group>"; };
		2D0A240D39694B4CF7425C96 /* Pods-HpSqlite.release.xcconfig */ = {isa = PBXFileReference; includeInIndex = 1; lastKnownFileType = text.xcconfig; name = "Pods-HpSqlite.release.xcconfig"; path = "Target Support Files/Pods-HpSqlite/Pods-HpSqlite.release.xcconfig"; sourceTree = "<group>"; };
		7DB8858E26155C5E0059549D /* HpSQLite.swift */ = {isa = PBXFileReference; lastKnownFileType = sourcecode.swift; path = HpSQLite.swift; sourceTree = "<group>"; };
		7DDEFB6825AAB889005FFAF9 /* HpSqlite.app */ = {isa = PBXFileReference; explicitFileType = wrapper.application; includeInIndex = 0; path = HpSqlite.app; sourceTree = BUILT_PRODUCTS_DIR; };
		7DDEFB6B25AAB889005FFAF9 /* AppDelegate.swift */ = {isa = PBXFileReference; lastKnownFileType = sourcecode.swift; path = AppDelegate.swift; sourceTree = "<group>"; };
		7DDEFB6F25AAB889005FFAF9 /* ViewController.swift */ = {isa = PBXFileReference; lastKnownFileType = sourcecode.swift; path = ViewController.swift; sourceTree = "<group>"; };
		7DDEFB7425AAB88B005FFAF9 /* Assets.xcassets */ = {isa = PBXFileReference; lastKnownFileType = folder.assetcatalog; path = Assets.xcassets; sourceTree = "<group>"; };
		7DDEFB7725AAB88B005FFAF9 /* Base */ = {isa = PBXFileReference; lastKnownFileType = file.storyboard; name = Base; path = Base.lproj/LaunchScreen.storyboard; sourceTree = "<group>"; };
		7DDEFB7925AAB88B005FFAF9 /* Info.plist */ = {isa = PBXFileReference; lastKnownFileType = text.plist.xml; path = Info.plist; sourceTree = "<group>"; };
		7DDEFB7E25AAB88B005FFAF9 /* HpSqliteTests.xctest */ = {isa = PBXFileReference; explicitFileType = wrapper.cfbundle; includeInIndex = 0; path = HpSqliteTests.xctest; sourceTree = BUILT_PRODUCTS_DIR; };
		7DDEFB8225AAB88B005FFAF9 /* HpSqliteTests.swift */ = {isa = PBXFileReference; lastKnownFileType = sourcecode.swift; path = HpSqliteTests.swift; sourceTree = "<group>"; };
		7DDEFB8425AAB88B005FFAF9 /* Info.plist */ = {isa = PBXFileReference; lastKnownFileType = text.plist.xml; path = Info.plist; sourceTree = "<group>"; };
		7DDEFB8925AAB88B005FFAF9 /* HpSqliteUITests.xctest */ = {isa = PBXFileReference; explicitFileType = wrapper.cfbundle; includeInIndex = 0; path = HpSqliteUITests.xctest; sourceTree = BUILT_PRODUCTS_DIR; };
		7DDEFB8D25AAB88B005FFAF9 /* HpSqliteUITests.swift */ = {isa = PBXFileReference; lastKnownFileType = sourcecode.swift; path = HpSqliteUITests.swift; sourceTree = "<group>"; };
		7DDEFB8F25AAB88B005FFAF9 /* Info.plist */ = {isa = PBXFileReference; lastKnownFileType = text.plist.xml; path = Info.plist; sourceTree = "<group>"; };
		7DDEFBAD25AABD0B005FFAF9 /* HpSqManager.swift */ = {isa = PBXFileReference; lastKnownFileType = sourcecode.swift; path = HpSqManager.swift; sourceTree = "<group>"; };
		7DDEFBB325AABF34005FFAF9 /* HpUserInfo.swift */ = {isa = PBXFileReference; lastKnownFileType = sourcecode.swift; path = HpUserInfo.swift; sourceTree = "<group>"; };
		7DDEFBBB25AAD086005FFAF9 /* HpJsonString.swift */ = {isa = PBXFileReference; lastKnownFileType = sourcecode.swift; path = HpJsonString.swift; sourceTree = "<group>"; };
/* End PBXFileReference section */

/* Begin PBXFrameworksBuildPhase section */
		7DDEFB6525AAB889005FFAF9 /* Frameworks */ = {
			isa = PBXFrameworksBuildPhase;
			buildActionMask = 2147483647;
			files = (
				C9393E95966682A10E009599 /* Pods_HpSqlite.framework in Frameworks */,
			);
			runOnlyForDeploymentPostprocessing = 0;
		};
		7DDEFB7B25AAB88B005FFAF9 /* Frameworks */ = {
			isa = PBXFrameworksBuildPhase;
			buildActionMask = 2147483647;
			files = (
			);
			runOnlyForDeploymentPostprocessing = 0;
		};
		7DDEFB8625AAB88B005FFAF9 /* Frameworks */ = {
			isa = PBXFrameworksBuildPhase;
			buildActionMask = 2147483647;
			files = (
			);
			runOnlyForDeploymentPostprocessing = 0;
		};
/* End PBXFrameworksBuildPhase section */

/* Begin PBXGroup section */
		4179403CDA45E8EAE2CFAD1A /* Frameworks */ = {
			isa = PBXGroup;
			children = (
				038E629E5BAB1DBB4B63C0FF /* Pods_HpSqlite.framework */,
			);
			name = Frameworks;
			sourceTree = "<group>";
		};
		593BF64DB37DE2D11A67CC6C /* Pods */ = {
			isa = PBXGroup;
			children = (
				1E535C730021B56E734519C5 /* Pods-HpSqlite.debug.xcconfig */,
				2D0A240D39694B4CF7425C96 /* Pods-HpSqlite.release.xcconfig */,
			);
			path = Pods;
			sourceTree = "<group>";
		};
		7DDEFB5F25AAB889005FFAF9 = {
			isa = PBXGroup;
			children = (
				7DDEFB6A25AAB889005FFAF9 /* HpSqlite */,
				7DDEFB8125AAB88B005FFAF9 /* HpSqliteTests */,
				7DDEFB8C25AAB88B005FFAF9 /* HpSqliteUITests */,
				7DDEFB6925AAB889005FFAF9 /* Products */,
				593BF64DB37DE2D11A67CC6C /* Pods */,
				4179403CDA45E8EAE2CFAD1A /* Frameworks */,
			);
			sourceTree = "<group>";
		};
		7DDEFB6925AAB889005FFAF9 /* Products */ = {
			isa = PBXGroup;
			children = (
				7DDEFB6825AAB889005FFAF9 /* HpSqlite.app */,
				7DDEFB7E25AAB88B005FFAF9 /* HpSqliteTests.xctest */,
				7DDEFB8925AAB88B005FFAF9 /* HpSqliteUITests.xctest */,
			);
			name = Products;
			sourceTree = "<group>";
		};
		7DDEFB6A25AAB889005FFAF9 /* HpSqlite */ = {
			isa = PBXGroup;
			children = (
				7DDEFBAC25AABCCB005FFAF9 /* HpSqliteManager */,
				7DDEFB6B25AAB889005FFAF9 /* AppDelegate.swift */,
				7DDEFB6F25AAB889005FFAF9 /* ViewController.swift */,
				7DDEFB7425AAB88B005FFAF9 /* Assets.xcassets */,
				7DDEFB7625AAB88B005FFAF9 /* LaunchScreen.storyboard */,
				7DDEFB7925AAB88B005FFAF9 /* Info.plist */,
			);
			path = HpSqlite;
			sourceTree = "<group>";
		};
		7DDEFB8125AAB88B005FFAF9 /* HpSqliteTests */ = {
			isa = PBXGroup;
			children = (
				7DDEFB8225AAB88B005FFAF9 /* HpSqliteTests.swift */,
				7DDEFB8425AAB88B005FFAF9 /* Info.plist */,
			);
			path = HpSqliteTests;
			sourceTree = "<group>";
		};
		7DDEFB8C25AAB88B005FFAF9 /* HpSqliteUITests */ = {
			isa = PBXGroup;
			children = (
				7DDEFB8D25AAB88B005FFAF9 /* HpSqliteUITests.swift */,
				7DDEFB8F25AAB88B005FFAF9 /* Info.plist */,
			);
			path = HpSqliteUITests;
			sourceTree = "<group>";
		};
		7DDEFBAC25AABCCB005FFAF9 /* HpSqliteManager */ = {
			isa = PBXGroup;
			children = (
				7DDEFBAD25AABD0B005FFAF9 /* HpSqManager.swift */,
				7DDEFBBB25AAD086005FFAF9 /* HpJsonString.swift */,
				7DB8858E26155C5E0059549D /* HpSQLite.swift */,
				7DDEFBB225AABF05005FFAF9 /* 用户 */,
			);
			path = HpSqliteManager;
			sourceTree = "<group>";
		};
		7DDEFBB225AABF05005FFAF9 /* 用户 */ = {
			isa = PBXGroup;
			children = (
				7DDEFBB325AABF34005FFAF9 /* HpUserInfo.swift */,
			);
			path = "用户";
			sourceTree = "<group>";
		};
/* End PBXGroup section */

/* Begin PBXNativeTarget section */
		7DDEFB6725AAB889005FFAF9 /* HpSqlite */ = {
			isa = PBXNativeTarget;
			buildConfigurationList = 7DDEFB9225AAB88B005FFAF9 /* Build configuration list for PBXNativeTarget "HpSqlite" */;
			buildPhases = (
				3B901FABC6CE55808787863A /* [CP] Check Pods Manifest.lock */,
				7DDEFB6425AAB889005FFAF9 /* Sources */,
				7DDEFB6525AAB889005FFAF9 /* Frameworks */,
				7DDEFB6625AAB889005FFAF9 /* Resources */,
				9E5658DB5D4AAA24EECC6FA0 /* [CP] Embed Pods Frameworks */,
			);
			buildRules = (
			);
			dependencies = (
			);
			name = HpSqlite;
			productName = HpSqlite;
			productReference = 7DDEFB6825AAB889005FFAF9 /* HpSqlite.app */;
			productType = "com.apple.product-type.application";
		};
		7DDEFB7D25AAB88B005FFAF9 /* HpSqliteTests */ = {
			isa = PBXNativeTarget;
			buildConfigurationList = 7DDEFB9525AAB88B005FFAF9 /* Build configuration list for PBXNativeTarget "HpSqliteTests" */;
			buildPhases = (
				7DDEFB7A25AAB88B005FFAF9 /* Sources */,
				7DDEFB7B25AAB88B005FFAF9 /* Frameworks */,
				7DDEFB7C25AAB88B005FFAF9 /* Resources */,
			);
			buildRules = (
			);
			dependencies = (
				7DDEFB8025AAB88B005FFAF9 /* PBXTargetDependency */,
			);
			name = HpSqliteTests;
			productName = HpSqliteTests;
			productReference = 7DDEFB7E25AAB88B005FFAF9 /* HpSqliteTests.xctest */;
			productType = "com.apple.product-type.bundle.unit-test";
		};
		7DDEFB8825AAB88B005FFAF9 /* HpSqliteUITests */ = {
			isa = PBXNativeTarget;
			buildConfigurationList = 7DDEFB9825AAB88B005FFAF9 /* Build configuration list for PBXNativeTarget "HpSqliteUITests" */;
			buildPhases = (
				7DDEFB8525AAB88B005FFAF9 /* Sources */,
				7DDEFB8625AAB88B005FFAF9 /* Frameworks */,
				7DDEFB8725AAB88B005FFAF9 /* Resources */,
			);
			buildRules = (
			);
			dependencies = (
				7DDEFB8B25AAB88B005FFAF9 /* PBXTargetDependency */,
			);
			name = HpSqliteUITests;
			productName = HpSqliteUITests;
			productReference = 7DDEFB8925AAB88B005FFAF9 /* HpSqliteUITests.xctest */;
			productType = "com.apple.product-type.bundle.ui-testing";
		};
/* End PBXNativeTarget section */

/* Begin PBXProject section */
		7DDEFB6025AAB889005FFAF9 /* Project object */ = {
			isa = PBXProject;
			attributes = {
				LastSwiftUpdateCheck = 1210;
				LastUpgradeCheck = 1210;
				TargetAttributes = {
					7DDEFB6725AAB889005FFAF9 = {
						CreatedOnToolsVersion = 12.1;
					};
					7DDEFB7D25AAB88B005FFAF9 = {
						CreatedOnToolsVersion = 12.1;
						TestTargetID = 7DDEFB6725AAB889005FFAF9;
					};
					7DDEFB8825AAB88B005FFAF9 = {
						CreatedOnToolsVersion = 12.1;
						TestTargetID = 7DDEFB6725AAB889005FFAF9;
					};
				};
			};
			buildConfigurationList = 7DDEFB6325AAB889005FFAF9 /* Build configuration list for PBXProject "HpSqlite" */;
			compatibilityVersion = "Xcode 9.3";
			developmentRegion = en;
			hasScannedForEncodings = 0;
			knownRegions = (
				en,
				Base,
			);
			mainGroup = 7DDEFB5F25AAB889005FFAF9;
			productRefGroup = 7DDEFB6925AAB889005FFAF9 /* Products */;
			projectDirPath = "";
			projectRoot = "";
			targets = (
				7DDEFB6725AAB889005FFAF9 /* HpSqlite */,
				7DDEFB7D25AAB88B005FFAF9 /* HpSqliteTests */,
				7DDEFB8825AAB88B005FFAF9 /* HpSqliteUITests */,
			);
		};
/* End PBXProject section */

/* Begin PBXResourcesBuildPhase section */
		7DDEFB6625AAB889005FFAF9 /* Resources */ = {
			isa = PBXResourcesBuildPhase;
			buildActionMask = 2147483647;
			files = (
				7DDEFB7825AAB88B005FFAF9 /* LaunchScreen.storyboard in Resources */,
				7DDEFB7525AAB88B005FFAF9 /* Assets.xcassets in Resources */,
			);
			runOnlyForDeploymentPostprocessing = 0;
		};
		7DDEFB7C25AAB88B005FFAF9 /* Resources */ = {
			isa = PBXResourcesBuildPhase;
			buildActionMask = 2147483647;
			files = (
			);
			runOnlyForDeploymentPostprocessing = 0;
		};
		7DDEFB8725AAB88B005FFAF9 /* Resources */ = {
			isa = PBXResourcesBuildPhase;
			buildActionMask = 2147483647;
			files = (
			);
			runOnlyForDeploymentPostprocessing = 0;
		};
/* End PBXResourcesBuildPhase section */

/* Begin PBXShellScriptBuildPhase section */
		3B901FABC6CE55808787863A /* [CP] Check Pods Manifest.lock */ = {
			isa = PBXShellScriptBuildPhase;
			buildActionMask = 2147483647;
			files = (
			);
			inputFileListPaths = (
			);
			inputPaths = (
				"${PODS_PODFILE_DIR_PATH}/Podfile.lock",
				"${PODS_ROOT}/Manifest.lock",
			);
			name = "[CP] Check Pods Manifest.lock";
			outputFileListPaths = (
			);
			outputPaths = (
				"$(DERIVED_FILE_DIR)/Pods-HpSqlite-checkManifestLockResult.txt",
			);
			runOnlyForDeploymentPostprocessing = 0;
			shellPath = /bin/sh;
			shellScript = "diff \"${PODS_PODFILE_DIR_PATH}/Podfile.lock\" \"${PODS_ROOT}/Manifest.lock\" > /dev/null\nif [ $? != 0 ] ; then\n    # print error to STDERR\n    echo \"error: The sandbox is not in sync with the Podfile.lock. Run 'pod install' or update your CocoaPods installation.\" >&2\n    exit 1\nfi\n# This output is used by Xcode 'outputs' to avoid re-running this script phase.\necho \"SUCCESS\" > \"${SCRIPT_OUTPUT_FILE_0}\"\n";
			showEnvVarsInLog = 0;
		};
		9E5658DB5D4AAA24EECC6FA0 /* [CP] Embed Pods Frameworks */ = {
			isa = PBXShellScriptBuildPhase;
			buildActionMask = 2147483647;
			files = (
			);
			inputFileListPaths = (
				"${PODS_ROOT}/Target Support Files/Pods-HpSqlite/Pods-HpSqlite-frameworks-${CONFIGURATION}-input-files.xcfilelist",
			);
			name = "[CP] Embed Pods Frameworks";
			outputFileListPaths = (
				"${PODS_ROOT}/Target Support Files/Pods-HpSqlite/Pods-HpSqlite-frameworks-${CONFIGURATION}-output-files.xcfilelist",
			);
			runOnlyForDeploymentPostprocessing = 0;
			shellPath = /bin/sh;
			shellScript = "\"${PODS_ROOT}/Target Support Files/Pods-HpSqlite/Pods-HpSqlite-frameworks.sh\"\n";
			showEnvVarsInLog = 0;
		};
/* End PBXShellScriptBuildPhase section */

/* Begin PBXSourcesBuildPhase section */
		7DDEFB6425AAB889005FFAF9 /* Sources */ = {
			isa = PBXSourcesBuildPhase;
			buildActionMask = 2147483647;
			files = (
				7DDEFB7025AAB889005FFAF9 /* ViewController.swift in Sources */,
				7DB8858F26155C5E0059549D /* HpSQLite.swift in Sources */,
				7DDEFB6C25AAB889005FFAF9 /* AppDelegate.swift in Sources */,
				7DDEFBB425AABF34005FFAF9 /* HpUserInfo.swift in Sources */,
				7DDEFBAE25AABD0B005FFAF9 /* HpSqManager.swift in Sources */,
				7DDEFBBC25AAD086005FFAF9 /* HpJsonString.swift in Sources */,
			);
			runOnlyForDeploymentPostprocessing = 0;
		};
		7DDEFB7A25AAB88B005FFAF9 /* Sources */ = {
			isa = PBXSourcesBuildPhase;
			buildActionMask = 2147483647;
			files = (
				7DDEFB8325AAB88B005FFAF9 /* HpSqliteTests.swift in Sources */,
			);
			runOnlyForDeploymentPostprocessing = 0;
		};
		7DDEFB8525AAB88B005FFAF9 /* Sources */ = {
			isa = PBXSourcesBuildPhase;
			buildActionMask = 2147483647;
			files = (
				7DDEFB8E25AAB88B005FFAF9 /* HpSqliteUITests.swift in Sources */,
			);
			runOnlyForDeploymentPostprocessing = 0;
		};
/* End PBXSourcesBuildPhase section */

/* Begin PBXTargetDependency section */
		7DDEFB8025AAB88B005FFAF9 /* PBXTargetDependency */ = {
			isa = PBXTargetDependency;
			target = 7DDEFB6725AAB889005FFAF9 /* HpSqlite */;
			targetProxy = 7DDEFB7F25AAB88B005FFAF9 /* PBXContainerItemProxy */;
		};
		7DDEFB8B25AAB88B005FFAF9 /* PBXTargetDependency */ = {
			isa = PBXTargetDependency;
			target = 7DDEFB6725AAB889005FFAF9 /* HpSqlite */;
			targetProxy = 7DDEFB8A25AAB88B005FFAF9 /* PBXContainerItemProxy */;
		};
/* End PBXTargetDependency section */

/* Begin PBXVariantGroup section */
		7DDEFB7625AAB88B005FFAF9 /* LaunchScreen.storyboard */ = {
			isa = PBXVariantGroup;
			children = (
				7DDEFB7725AAB88B005FFAF9 /* Base */,
			);
			name = LaunchScreen.storyboard;
			sourceTree = "<group>";
		};
/* End PBXVariantGroup section */

/* Begin XCBuildConfiguration section */
		7DDEFB9025AAB88B005FFAF9 /* Debug */ = {
			isa = XCBuildConfiguration;
			buildSettings = {
				ALWAYS_SEARCH_USER_PATHS = NO;
				CLANG_ANALYZER_NONNULL = YES;
				CLANG_ANALYZER_NUMBER_OBJECT_CONVERSION = YES_AGGRESSIVE;
				CLANG_CXX_LANGUAGE_STANDARD = "gnu++14";
				CLANG_CXX_LIBRARY = "libc++";
				CLANG_ENABLE_MODULES = YES;
				CLANG_ENABLE_OBJC_ARC = YES;
				CLANG_ENABLE_OBJC_WEAK = YES;
				CLANG_WARN_BLOCK_CAPTURE_AUTORELEASING = YES;
				CLANG_WARN_BOOL_CONVERSION = YES;
				CLANG_WARN_COMMA = YES;
				CLANG_WARN_CONSTANT_CONVERSION = YES;
				CLANG_WARN_DEPRECATED_OBJC_IMPLEMENTATIONS = YES;
				CLANG_WARN_DIRECT_OBJC_ISA_USAGE = YES_ERROR;
				CLANG_WARN_DOCUMENTATION_COMMENTS = YES;
				CLANG_WARN_EMPTY_BODY = YES;
				CLANG_WARN_ENUM_CONVERSION = YES;
				CLANG_WARN_INFINITE_RECURSION = YES;
				CLANG_WARN_INT_CONVERSION = YES;
				CLANG_WARN_NON_LITERAL_NULL_CONVERSION = YES;
				CLANG_WARN_OBJC_IMPLICIT_RETAIN_SELF = YES;
				CLANG_WARN_OBJC_LITERAL_CONVERSION = YES;
				CLANG_WARN_OBJC_ROOT_CLASS = YES_ERROR;
				CLANG_WARN_QUOTED_INCLUDE_IN_FRAMEWORK_HEADER = YES;
				CLANG_WARN_RANGE_LOOP_ANALYSIS = YES;
				CLANG_WARN_STRICT_PROTOTYPES = YES;
				CLANG_WARN_SUSPICIOUS_MOVE = YES;
				CLANG_WARN_UNGUARDED_AVAILABILITY = YES_AGGRESSIVE;
				CLANG_WARN_UNREACHABLE_CODE = YES;
				CLANG_WARN__DUPLICATE_METHOD_MATCH = YES;
				COPY_PHASE_STRIP = NO;
				DEBUG_INFORMATION_FORMAT = dwarf;
				ENABLE_STRICT_OBJC_MSGSEND = YES;
				ENABLE_TESTABILITY = YES;
				GCC_C_LANGUAGE_STANDARD = gnu11;
				GCC_DYNAMIC_NO_PIC = NO;
				GCC_NO_COMMON_BLOCKS = YES;
				GCC_OPTIMIZATION_LEVEL = 0;
				GCC_PREPROCESSOR_DEFINITIONS = (
					"DEBUG=1",
					"$(inherited)",
				);
				GCC_WARN_64_TO_32_BIT_CONVERSION = YES;
				GCC_WARN_ABOUT_RETURN_TYPE = YES_ERROR;
				GCC_WARN_UNDECLARED_SELECTOR = YES;
				GCC_WARN_UNINITIALIZED_AUTOS = YES_AGGRESSIVE;
				GCC_WARN_UNUSED_FUNCTION = YES;
				GCC_WARN_UNUSED_VARIABLE = YES;
				IPHONEOS_DEPLOYMENT_TARGET = 14.1;
				MTL_ENABLE_DEBUG_INFO = INCLUDE_SOURCE;
				MTL_FAST_MATH = YES;
				ONLY_ACTIVE_ARCH = YES;
				SDKROOT = iphoneos;
				SWIFT_ACTIVE_COMPILATION_CONDITIONS = DEBUG;
				SWIFT_OPTIMIZATION_LEVEL = "-Onone";
			};
			name = Debug;
		};
		7DDEFB9125AAB88B005FFAF9 /* Release */ = {
			isa = XCBuildConfiguration;
			buildSettings = {
				ALWAYS_SEARCH_USER_PATHS = NO;
				CLANG_ANALYZER_NONNULL = YES;
				CLANG_ANALYZER_NUMBER_OBJECT_CONVERSION = YES_AGGRESSIVE;
				CLANG_CXX_LANGUAGE_STANDARD = "gnu++14";
				CLANG_CXX_LIBRARY = "libc++";
				CLANG_ENABLE_MODULES = YES;
				CLANG_ENABLE_OBJC_ARC = YES;
				CLANG_ENABLE_OBJC_WEAK = YES;
				CLANG_WARN_BLOCK_CAPTURE_AUTORELEASING = YES;
				CLANG_WARN_BOOL_CONVERSION = YES;
				CLANG_WARN_COMMA = YES;
				CLANG_WARN_CONSTANT_CONVERSION = YES;
				CLANG_WARN_DEPRECATED_OBJC_IMPLEMENTATIONS = YES;
				CLANG_WARN_DIRECT_OBJC_ISA_USAGE = YES_ERROR;
				CLANG_WARN_DOCUMENTATION_COMMENTS = YES;
				CLANG_WARN_EMPTY_BODY = YES;
				CLANG_WARN_ENUM_CONVERSION = YES;
				CLANG_WARN_INFINITE_RECURSION = YES;
				CLANG_WARN_INT_CONVERSION = YES;
				CLANG_WARN_NON_LITERAL_NULL_CONVERSION = YES;
				CLANG_WARN_OBJC_IMPLICIT_RETAIN_SELF = YES;
				CLANG_WARN_OBJC_LITERAL_CONVERSION = YES;
				CLANG_WARN_OBJC_ROOT_CLASS = YES_ERROR;
				CLANG_WARN_QUOTED_INCLUDE_IN_FRAMEWORK_HEADER = YES;
				CLANG_WARN_RANGE_LOOP_ANALYSIS = YES;
				CLANG_WARN_STRICT_PROTOTYPES = YES;
				CLANG_WARN_SUSPICIOUS_MOVE = YES;
				CLANG_WARN_UNGUARDED_AVAILABILITY = YES_AGGRESSIVE;
				CLANG_WARN_UNREACHABLE_CODE = YES;
				CLANG_WARN__DUPLICATE_METHOD_MATCH = YES;
				COPY_PHASE_STRIP = NO;
				DEBUG_INFORMATION_FORMAT = "dwarf-with-dsym";
				ENABLE_NS_ASSERTIONS = NO;
				ENABLE_STRICT_OBJC_MSGSEND = YES;
				GCC_C_LANGUAGE_STANDARD = gnu11;
				GCC_NO_COMMON_BLOCKS = YES;
				GCC_WARN_64_TO_32_BIT_CONVERSION = YES;
				GCC_WARN_ABOUT_RETURN_TYPE = YES_ERROR;
				GCC_WARN_UNDECLARED_SELECTOR = YES;
				GCC_WARN_UNINITIALIZED_AUTOS = YES_AGGRESSIVE;
				GCC_WARN_UNUSED_FUNCTION = YES;
				GCC_WARN_UNUSED_VARIABLE = YES;
				IPHONEOS_DEPLOYMENT_TARGET = 14.1;
				MTL_ENABLE_DEBUG_INFO = NO;
				MTL_FAST_MATH = YES;
				SDKROOT = iphoneos;
				SWIFT_COMPILATION_MODE = wholemodule;
				SWIFT_OPTIMIZATION_LEVEL = "-O";
				VALIDATE_PRODUCT = YES;
			};
			name = Release;
		};
		7DDEFB9325AAB88B005FFAF9 /* Debug */ = {
			isa = XCBuildConfiguration;
			baseConfigurationReference = 1E535C730021B56E734519C5 /* Pods-HpSqlite.debug.xcconfig */;
			buildSettings = {
				ASSETCATALOG_COMPILER_APPICON_NAME = AppIcon;
				ASSETCATALOG_COMPILER_GLOBAL_ACCENT_COLOR_NAME = AccentColor;
				CODE_SIGN_STYLE = Automatic;
				DEVELOPMENT_TEAM = 4VN752HTB2;
				INFOPLIST_FILE = HpSqlite/Info.plist;
				IPHONEOS_DEPLOYMENT_TARGET = 9.0;
				LD_RUNPATH_SEARCH_PATHS = (
					"$(inherited)",
					"@executable_path/Frameworks",
				);
				PRODUCT_BUNDLE_IDENTIFIER = cn.com.chinamoney.HpSqlite;
				PRODUCT_NAME = "$(TARGET_NAME)";
				SWIFT_VERSION = 5.0;
				TARGETED_DEVICE_FAMILY = "1,2";
			};
			name = Debug;
		};
		7DDEFB9425AAB88B005FFAF9 /* Release */ = {
			isa = XCBuildConfiguration;
			baseConfigurationReference = 2D0A240D39694B4CF7425C96 /* Pods-HpSqlite.release.xcconfig */;
			buildSettings = {
				ASSETCATALOG_COMPILER_APPICON_NAME = AppIcon;
				ASSETCATALOG_COMPILER_GLOBAL_ACCENT_COLOR_NAME = AccentColor;
				CODE_SIGN_STYLE = Automatic;
				DEVELOPMENT_TEAM = 4VN752HTB2;
				INFOPLIST_FILE = HpSqlite/Info.plist;
				IPHONEOS_DEPLOYMENT_TARGET = 9.0;
				LD_RUNPATH_SEARCH_PATHS = (
					"$(inherited)",
					"@executable_path/Frameworks",
				);
				PRODUCT_BUNDLE_IDENTIFIER = cn.com.chinamoney.HpSqlite;
				PRODUCT_NAME = "$(TARGET_NAME)";
				SWIFT_VERSION = 5.0;
				TARGETED_DEVICE_FAMILY = "1,2";
			};
			name = Release;
		};
		7DDEFB9625AAB88B005FFAF9 /* Debug */ = {
			isa = XCBuildConfiguration;
			buildSettings = {
				ALWAYS_EMBED_SWIFT_STANDARD_LIBRARIES = YES;
				BUNDLE_LOADER = "$(TEST_HOST)";
				CODE_SIGN_STYLE = Automatic;
				DEVELOPMENT_TEAM = 4VN752HTB2;
				INFOPLIST_FILE = HpSqliteTests/Info.plist;
				IPHONEOS_DEPLOYMENT_TARGET = 14.1;
				LD_RUNPATH_SEARCH_PATHS = (
					"$(inherited)",
					"@executable_path/Frameworks",
					"@loader_path/Frameworks",
				);
				PRODUCT_BUNDLE_IDENTIFIER = cn.com.chinamoney.HpSqliteTests;
				PRODUCT_NAME = "$(TARGET_NAME)";
				SWIFT_VERSION = 5.0;
				TARGETED_DEVICE_FAMILY = "1,2";
				TEST_HOST = "$(BUILT_PRODUCTS_DIR)/HpSqlite.app/HpSqlite";
			};
			name = Debug;
		};
		7DDEFB9725AAB88B005FFAF9 /* Release */ = {
			isa = XCBuildConfiguration;
			buildSettings = {
				ALWAYS_EMBED_SWIFT_STANDARD_LIBRARIES = YES;
				BUNDLE_LOADER = "$(TEST_HOST)";
				CODE_SIGN_STYLE = Automatic;
				DEVELOPMENT_TEAM = 4VN752HTB2;
				INFOPLIST_FILE = HpSqliteTests/Info.plist;
				IPHONEOS_DEPLOYMENT_TARGET = 14.1;
				LD_RUNPATH_SEARCH_PATHS = (
					"$(inherited)",
					"@executable_path/Frameworks",
					"@loader_path/Frameworks",
				);
				PRODUCT_BUNDLE_IDENTIFIER = cn.com.chinamoney.HpSqliteTests;
				PRODUCT_NAME = "$(TARGET_NAME)";
				SWIFT_VERSION = 5.0;
				TARGETED_DEVICE_FAMILY = "1,2";
				TEST_HOST = "$(BUILT_PRODUCTS_DIR)/HpSqlite.app/HpSqlite";
			};
			name = Release;
		};
		7DDEFB9925AAB88B005FFAF9 /* Debug */ = {
			isa = XCBuildConfiguration;
			buildSettings = {
				ALWAYS_EMBED_SWIFT_STANDARD_LIBRARIES = YES;
				CODE_SIGN_STYLE = Automatic;
				DEVELOPMENT_TEAM = 4VN752HTB2;
				INFOPLIST_FILE = HpSqliteUITests/Info.plist;
				LD_RUNPATH_SEARCH_PATHS = (
					"$(inherited)",
					"@executable_path/Frameworks",
					"@loader_path/Frameworks",
				);
				PRODUCT_BUNDLE_IDENTIFIER = cn.com.chinamoney.HpSqliteUITests;
				PRODUCT_NAME = "$(TARGET_NAME)";
				SWIFT_VERSION = 5.0;
				TARGETED_DEVICE_FAMILY = "1,2";
				TEST_TARGET_NAME = HpSqlite;
			};
			name = Debug;
		};
		7DDEFB9A25AAB88B005FFAF9 /* Release */ = {
			isa = XCBuildConfiguration;
			buildSettings = {
				ALWAYS_EMBED_SWIFT_STANDARD_LIBRARIES = YES;
				CODE_SIGN_STYLE = Automatic;
				DEVELOPMENT_TEAM = 4VN752HTB2;
				INFOPLIST_FILE = HpSqliteUITests/Info.plist;
				LD_RUNPATH_SEARCH_PATHS = (
					"$(inherited)",
					"@executable_path/Frameworks",
					"@loader_path/Frameworks",
				);
				PRODUCT_BUNDLE_IDENTIFIER = cn.com.chinamoney.HpSqliteUITests;
				PRODUCT_NAME = "$(TARGET_NAME)";
				SWIFT_VERSION = 5.0;
				TARGETED_DEVICE_FAMILY = "1,2";
				TEST_TARGET_NAME = HpSqlite;
			};
			name = Release;
		};
/* End XCBuildConfiguration section */

/* Begin XCConfigurationList section */
		7DDEFB6325AAB889005FFAF9 /* Build configuration list for PBXProject "HpSqlite" */ = {
			isa = XCConfigurationList;
			buildConfigurations = (
				7DDEFB9025AAB88B005FFAF9 /* Debug */,
				7DDEFB9125AAB88B005FFAF9 /* Release */,
			);
			defaultConfigurationIsVisible = 0;
			defaultConfigurationName = Release;
		};
		7DDEFB9225AAB88B005FFAF9 /* Build configuration list for PBXNativeTarget "HpSqlite" */ = {
			isa = XCConfigurationList;
			buildConfigurations = (
				7DDEFB9325AAB88B005FFAF9 /* Debug */,
				7DDEFB9425AAB88B005FFAF9 /* Release */,
			);
			defaultConfigurationIsVisible = 0;
			defaultConfigurationName = Release;
		};
		7DDEFB9525AAB88B005FFAF9 /* Build configuration list for PBXNativeTarget "HpSqliteTests" */ = {
			isa = XCConfigurationList;
			buildConfigurations = (
				7DDEFB9625AAB88B005FFAF9 /* Debug */,
				7DDEFB9725AAB88B005FFAF9 /* Release */,
			);
			defaultConfigurationIsVisible = 0;
			defaultConfigurationName = Release;
		};
		7DDEFB9825AAB88B005FFAF9 /* Build configuration list for PBXNativeTarget "HpSqliteUITests" */ = {
			isa = XCConfigurationList;
			buildConfigurations = (
				7DDEFB9925AAB88B005FFAF9 /* Debug */,
				7DDEFB9A25AAB88B005FFAF9 /* Release */,
			);
			defaultConfigurationIsVisible = 0;
			defaultConfigurationName = Release;
		};
/* End XCConfigurationList section */
	};
	rootObject = 7DDEFB6025AAB889005FFAF9 /* Project object */;
}
